
Microsoft Visual Studio Solution File, Format Version 12.00
# Visual Studio Version 16
VisualStudioVersion = 16.0.31009.304
MinimumVisualStudioVersion = 10.0.40219.1
Project("{FAE04EC0-301F-11D3-BF4B-00C04F79EFBC}") = "QuizApp", "QuizApp.csproj", "{87DB5BD7-A275-49F8-9DA0-D38EA868AEDB}"
EndProject
Global
	GlobalSection(SolutionConfigurationPlatforms) = preSolution
		Debug|Any CPU = Debug|Any CPU
		Release|Any CPU = Release|Any CPU
	EndGlobalSection
	GlobalSection(ProjectConfigurationPlatforms) = postSolution
		{87DB5BD7-A275-49F8-9DA0-D38EA868AEDB}.Debug|Any CPU.ActiveCfg = Debug|Any CPU
		{87DB5BD7-A275-49F8-9DA0-D38EA868AEDB}.Debug|Any CPU.Build.0 = Debug|Any CPU
		{87DB5BD7-A275-49F8-9DA0-D38EA868AEDB}.Release|Any CPU.ActiveCfg = Release|Any CPU
		{87DB5BD7-A275-49F8-9DA0-D38EA868AEDB}.Release|Any CPU.Build.0 = Release|Any CPU
	EndGlobalSection
	GlobalSection(SolutionProperties) = preSolution
		HideSolutionNode = FALSE
	EndGlobalSection
	GlobalSection(ExtensibilityGlobals) = postSolution
		SolutionGuid = {E758FE31-62E5-4845-94C7-BD52C5608AC5}
	EndGlobalSection
EndGlobal
